// !$*UTF8*$!
{
	archiveVersion = 1;
	classes = {
	};
	objectVersion = 55;
	objects = {

/* Begin PBXBuildFile section */
		844DB12F28CCA78A00BC3A14 /* CustomImageView.swift in Sources */ = {isa = PBXBuildFile; fileRef = 844DB12E28CCA78A00BC3A14 /* CustomImageView.swift */; };
		849C0EE428CB7CEF002B3EB5 /* Movies.swift in Sources */ = {isa = PBXBuildFile; fileRef = 849C0EE328CB7CEF002B3EB5 /* Movies.swift */; };
		84A43B7928CBAD5D0045E73F /* EndPoint.swift in Sources */ = {isa = PBXBuildFile; fileRef = 84A43B7828CBAD5D0045E73F /* EndPoint.swift */; };
		84A43B7B28CBB0450045E73F /* NetworkManager.swift in Sources */ = {isa = PBXBuildFile; fileRef = 84A43B7A28CBB0450045E73F /* NetworkManager.swift */; };
		84A76A2D28CA7C7C00554A46 /* AppDelegate.swift in Sources */ = {isa = PBXBuildFile; fileRef = 84A76A2C28CA7C7C00554A46 /* AppDelegate.swift */; };
		84A76A2F28CA7C7C00554A46 /* SceneDelegate.swift in Sources */ = {isa = PBXBuildFile; fileRef = 84A76A2E28CA7C7C00554A46 /* SceneDelegate.swift */; };
		84A76A3428CA7C7D00554A46 /* Main.storyboard in Resources */ = {isa = PBXBuildFile; fileRef = 84A76A3228CA7C7D00554A46 /* Main.storyboard */; };
		84A76A3628CA7C7E00554A46 /* Assets.xcassets in Resources */ = {isa = PBXBuildFile; fileRef = 84A76A3528CA7C7E00554A46 /* Assets.xcassets */; };
		84A76A3928CA7C7E00554A46 /* LaunchScreen.storyboard in Resources */ = {isa = PBXBuildFile; fileRef = 84A76A3728CA7C7E00554A46 /* LaunchScreen.storyboard */; };
		84A76A4628CA874800554A46 /* MovieListViewController.swift in Sources */ = {isa = PBXBuildFile; fileRef = 84A76A4528CA874800554A46 /* MovieListViewController.swift */; };
		84A76A4828CA8D0600554A46 /* MovieCell.swift in Sources */ = {isa = PBXBuildFile; fileRef = 84A76A4728CA8D0600554A46 /* MovieCell.swift */; };
/* End PBXBuildFile section */

/* Begin PBXFileReference section */
		844DB12E28CCA78A00BC3A14 /* CustomImageView.swift */ = {isa = PBXFileReference; lastKnownFileType = sourcecode.swift; path = CustomImageView.swift; sourceTree = "<group>"; };
		849C0EE328CB7CEF002B3EB5 /* Movies.swift */ = {isa = PBXFileReference; lastKnownFileType = sourcecode.swift; path = Movies.swift; sourceTree = "<group>"; };
		84A43B7828CBAD5D0045E73F /* EndPoint.swift */ = {isa = PBXFileReference; lastKnownFileType = sourcecode.swift; path = EndPoint.swift; sourceTree = "<group>"; };
		84A43B7A28CBB0450045E73F /* NetworkManager.swift */ = {isa = PBXFileReference; lastKnownFileType = sourcecode.swift; path = NetworkManager.swift; sourceTree = "<group>"; };
		84A76A2928CA7C7C00554A46 /* MovieListApp.app */ = {isa = PBXFileReference; explicitFileType = wrapper.application; includeInIndex = 0; path = MovieListApp.app; sourceTree = BUILT_PRODUCTS_DIR; };
		84A76A2C28CA7C7C00554A46 /* AppDelegate.swift */ = {isa = PBXFileReference; lastKnownFileType = sourcecode.swift; path = AppDelegate.swift; sourceTree = "<group>"; };
		84A76A2E28CA7C7C00554A46 /* SceneDelegate.swift */ = {isa = PBXFileReference; lastKnownFileType = sourcecode.swift; path = SceneDelegate.swift; sourceTree = "<group>"; };
		84A76A3328CA7C7D00554A46 /* Base */ = {isa = PBXFileReference; lastKnownFileType = file.storyboard; name = Base; path = Base.lproj/Main.storyboard; sourceTree = "<group>"; };
		84A76A3528CA7C7E00554A46 /* Assets.xcassets */ = {isa = PBXFileReference; lastKnownFileType = folder.assetcatalog; path = Assets.xcassets; sourceTree = "<group>"; };
		84A76A3828CA7C7E00554A46 /* Base */ = {isa = PBXFileReference; lastKnownFileType = file.storyboard; name = Base; path = Base.lproj/LaunchScreen.storyboard; sourceTree = "<group>"; };
		84A76A3A28CA7C7E00554A46 /* Info.plist */ = {isa = PBXFileReference; lastKnownFileType = text.plist.xml; path = Info.plist; sourceTree = "<group>"; };
		84A76A4528CA874800554A46 /* MovieListViewController.swift */ = {isa = PBXFileReference; lastKnownFileType = sourcecode.swift; path = MovieListViewController.swift; sourceTree = "<group>"; };
		84A76A4728CA8D0600554A46 /* MovieCell.swift */ = {isa = PBXFileReference; lastKnownFileType = sourcecode.swift; path = MovieCell.swift; sourceTree = "<group>"; };
/* End PBXFileReference section */

/* Begin PBXFrameworksBuildPhase section */
		84A76A2628CA7C7C00554A46 /* Frameworks */ = {
			isa = PBXFrameworksBuildPhase;
			buildActionMask = 2147483647;
			files = (
			);
			runOnlyForDeploymentPostprocessing = 0;
		};
/* End PBXFrameworksBuildPhase section */

/* Begin PBXGroup section */
		844DB12B28CC96CC00BC3A14 /* Controller */ = {
			isa = PBXGroup;
			children = (
				84A76A4528CA874800554A46 /* MovieListViewController.swift */,
			);
			path = Controller;
			sourceTree = "<group>";
		};
		844DB12C28CC970200BC3A14 /* Utility */ = {
			isa = PBXGroup;
			children = (
				84A43B7A28CBB0450045E73F /* NetworkManager.swift */,
				84A43B7828CBAD5D0045E73F /* EndPoint.swift */,
			);
			path = Utility;
			sourceTree = "<group>";
		};
		844DB12D28CC972300BC3A14 /* SupportedFiles */ = {
			isa = PBXGroup;
			children = (
				84A76A2C28CA7C7C00554A46 /* AppDelegate.swift */,
				84A76A2E28CA7C7C00554A46 /* SceneDelegate.swift */,
				84A76A3728CA7C7E00554A46 /* LaunchScreen.storyboard */,
				84A76A3528CA7C7E00554A46 /* Assets.xcassets */,
			);
			path = SupportedFiles;
			sourceTree = "<group>";
		};
		84A76A2028CA7C7C00554A46 = {
			isa = PBXGroup;
			children = (
				84A76A2B28CA7C7C00554A46 /* MovieListApp */,
				84A76A2A28CA7C7C00554A46 /* Products */,
			);
			sourceTree = "<group>";
		};
		84A76A2A28CA7C7C00554A46 /* Products */ = {
			isa = PBXGroup;
			children = (
				84A76A2928CA7C7C00554A46 /* MovieListApp.app */,
			);
			name = Products;
			sourceTree = "<group>";
		};
		84A76A2B28CA7C7C00554A46 /* MovieListApp */ = {
			isa = PBXGroup;
			children = (
				844DB12D28CC972300BC3A14 /* SupportedFiles */,
				844DB12C28CC970200BC3A14 /* Utility */,
				84A76A4128CA7CB000554A46 /* Model */,
				84A76A4228CA7CB900554A46 /* View */,
				844DB12B28CC96CC00BC3A14 /* Controller */,
				84A76A3A28CA7C7E00554A46 /* Info.plist */,
			);
			path = MovieListApp;
			sourceTree = "<group>";
		};
		84A76A4128CA7CB000554A46 /* Model */ = {
			isa = PBXGroup;
			children = (
				849C0EE328CB7CEF002B3EB5 /* Movies.swift */,
			);
			path = Model;
			sourceTree = "<group>";
		};
		84A76A4228CA7CB900554A46 /* View */ = {
			isa = PBXGroup;
			children = (
				844DB12E28CCA78A00BC3A14 /* CustomImageView.swift */,
				84A76A4728CA8D0600554A46 /* MovieCell.swift */,
				84A76A3228CA7C7D00554A46 /* Main.storyboard */,
			);
			path = View;
			sourceTree = "<group>";
		};
/* End PBXGroup section */

/* Begin PBXNativeTarget section */
		84A76A2828CA7C7C00554A46 /* MovieListApp */ = {
			isa = PBXNativeTarget;
			buildConfigurationList = 84A76A3D28CA7C7E00554A46 /* Build configuration list for PBXNativeTarget "MovieListApp" */;
			buildPhases = (
				84A76A2528CA7C7C00554A46 /* Sources */,
				84A76A2628CA7C7C00554A46 /* Frameworks */,
				84A76A2728CA7C7C00554A46 /* Resources */,
			);
			buildRules = (
			);
			dependencies = (
			);
			name = MovieListApp;
			productName = MovieListApp;
			productReference = 84A76A2928CA7C7C00554A46 /* MovieListApp.app */;
			productType = "com.apple.product-type.application";
		};
/* End PBXNativeTarget section */

/* Begin PBXProject section */
		84A76A2128CA7C7C00554A46 /* Project object */ = {
			isa = PBXProject;
			attributes = {
				BuildIndependentTargetsInParallel = 1;
				LastSwiftUpdateCheck = 1340;
				LastUpgradeCheck = 1340;
				TargetAttributes = {
					84A76A2828CA7C7C00554A46 = {
						CreatedOnToolsVersion = 13.4.1;
					};
				};
			};
			buildConfigurationList = 84A76A2428CA7C7C00554A46 /* Build configuration list for PBXProject "MovieListApp" */;
			compatibilityVersion = "Xcode 13.0";
			developmentRegion = en;
			hasScannedForEncodings = 0;
			knownRegions = (
				en,
				Base,
			);
			mainGroup = 84A76A2028CA7C7C00554A46;
			productRefGroup = 84A76A2A28CA7C7C00554A46 /* Products */;
			projectDirPath = "";
			projectRoot = "";
			targets = (
				84A76A2828CA7C7C00554A46 /* MovieListApp */,
			);
		};
/* End PBXProject section */

/* Begin PBXResourcesBuildPhase section */
		84A76A2728CA7C7C00554A46 /* Resources */ = {
			isa = PBXResourcesBuildPhase;
			buildActionMask = 2147483647;
			files = (
				84A76A3928CA7C7E00554A46 /* LaunchScreen.storyboard in Resources */,
				84A76A3628CA7C7E00554A46 /* Assets.xcassets in Resources */,
				84A76A3428CA7C7D00554A46 /* Main.storyboard in Resources */,
			);
			runOnlyForDeploymentPostprocessing = 0;
		};
/* End PBXResourcesBuildPhase section */

/* Begin PBXSourcesBuildPhase section */
		84A76A2528CA7C7C00554A46 /* Sources */ = {
			isa = PBXSourcesBuildPhase;
			buildActionMask = 2147483647;
			files = (
				84A43B7928CBAD5D0045E73F /* EndPoint.swift in Sources */,
				849C0EE428CB7CEF002B3EB5 /* Movies.swift in Sources */,
				84A76A4628CA874800554A46 /* MovieListViewController.swift in Sources */,
				84A43B7B28CBB0450045E73F /* NetworkManager.swift in Sources */,
				84A76A2D28CA7C7C00554A46 /* AppDelegate.swift in Sources */,
				84A76A4828CA8D0600554A46 /* MovieCell.swift in Sources */,
				84A76A2F28CA7C7C00554A46 /* SceneDelegate.swift in Sources */,
				844DB12F28CCA78A00BC3A14 /* CustomImageView.swift in Sources */,
			);
			runOnlyForDeploymentPostprocessing = 0;
		};
/* End PBXSourcesBuildPhase section */

/* Begin PBXVariantGroup section */
		84A76A3228CA7C7D00554A46 /* Main.storyboard */ = {
			isa = PBXVariantGroup;
			children = (
				84A76A3328CA7C7D00554A46 /* Base */,
			);
			name = Main.storyboard;
			sourceTree = "<group>";
		};
		84A76A3728CA7C7E00554A46 /* LaunchScreen.storyboard */ = {
			isa = PBXVariantGroup;
			children = (
				84A76A3828CA7C7E00554A46 /* Base */,
			);
			name = LaunchScreen.storyboard;
			sourceTree = "<group>";
		};
/* End PBXVariantGroup section */

/* Begin XCBuildConfiguration section */
		84A76A3B28CA7C7E00554A46 /* Debug */ = {
			isa = XCBuildConfiguration;
			buildSettings = {
				ALWAYS_SEARCH_USER_PATHS = NO;
				CLANG_ANALYZER_NONNULL = YES;
				CLANG_ANALYZER_NUMBER_OBJECT_CONVERSION = YES_AGGRESSIVE;
				CLANG_CXX_LANGUAGE_STANDARD = "gnu++17";
				CLANG_ENABLE_MODULES = YES;
				CLANG_ENABLE_OBJC_ARC = YES;
				CLANG_ENABLE_OBJC_WEAK = YES;
				CLANG_WARN_BLOCK_CAPTURE_AUTORELEASING = YES;
				CLANG_WARN_BOOL_CONVERSION = YES;
				CLANG_WARN_COMMA = YES;
				CLANG_WARN_CONSTANT_CONVERSION = YES;
				CLANG_WARN_DEPRECATED_OBJC_IMPLEMENTATIONS = YES;
				CLANG_WARN_DIRECT_OBJC_ISA_USAGE = YES_ERROR;
				CLANG_WARN_DOCUMENTATION_COMMENTS = YES;
				CLANG_WARN_EMPTY_BODY = YES;
				CLANG_WARN_ENUM_CONVERSION = YES;
				CLANG_WARN_INFINITE_RECURSION = YES;
				CLANG_WARN_INT_CONVERSION = YES;
				CLANG_WARN_NON_LITERAL_NULL_CONVERSION = YES;
				CLANG_WARN_OBJC_IMPLICIT_RETAIN_SELF = YES;
				CLANG_WARN_OBJC_LITERAL_CONVERSION = YES;
				CLANG_WARN_OBJC_ROOT_CLASS = YES_ERROR;
				CLANG_WARN_QUOTED_INCLUDE_IN_FRAMEWORK_HEADER = YES;
				CLANG_WARN_RANGE_LOOP_ANALYSIS = YES;
				CLANG_WARN_STRICT_PROTOTYPES = YES;
				CLANG_WARN_SUSPICIOUS_MOVE = YES;
				CLANG_WARN_UNGUARDED_AVAILABILITY = YES_AGGRESSIVE;
				CLANG_WARN_UNREACHABLE_CODE = YES;
				CLANG_WARN__DUPLICATE_METHOD_MATCH = YES;
				COPY_PHASE_STRIP = NO;
				DEBUG_INFORMATION_FORMAT = dwarf;
				ENABLE_STRICT_OBJC_MSGSEND = YES;
				ENABLE_TESTABILITY = YES;
				GCC_C_LANGUAGE_STANDARD = gnu11;
				GCC_DYNAMIC_NO_PIC = NO;
				GCC_NO_COMMON_BLOCKS = YES;
				GCC_OPTIMIZATION_LEVEL = 0;
				GCC_PREPROCESSOR_DEFINITIONS = (
					"DEBUG=1",
					"$(inherited)",
				);
				GCC_WARN_64_TO_32_BIT_CONVERSION = YES;
				GCC_WARN_ABOUT_RETURN_TYPE = YES_ERROR;
				GCC_WARN_UNDECLARED_SELECTOR = YES;
				GCC_WARN_UNINITIALIZED_AUTOS = YES_AGGRESSIVE;
				GCC_WARN_UNUSED_FUNCTION = YES;
				GCC_WARN_UNUSED_VARIABLE = YES;
				IPHONEOS_DEPLOYMENT_TARGET = 15.5;
				MTL_ENABLE_DEBUG_INFO = INCLUDE_SOURCE;
				MTL_FAST_MATH = YES;
				ONLY_ACTIVE_ARCH = YES;
				SDKROOT = iphoneos;
				SWIFT_ACTIVE_COMPILATION_CONDITIONS = DEBUG;
				SWIFT_OPTIMIZATION_LEVEL = "-Onone";
			};
			name = Debug;
		};
		84A76A3C28CA7C7E00554A46 /* Release */ = {
			isa = XCBuildConfiguration;
			buildSettings = {
				ALWAYS_SEARCH_USER_PATHS = NO;
				CLANG_ANALYZER_NONNULL = YES;
				CLANG_ANALYZER_NUMBER_OBJECT_CONVERSION = YES_AGGRESSIVE;
				CLANG_CXX_LANGUAGE_STANDARD = "gnu++17";
				CLANG_ENABLE_MODULES = YES;
				CLANG_ENABLE_OBJC_ARC = YES;
				CLANG_ENABLE_OBJC_WEAK = YES;
				CLANG_WARN_BLOCK_CAPTURE_AUTORELEASING = YES;
				CLANG_WARN_BOOL_CONVERSION = YES;
				CLANG_WARN_COMMA = YES;
				CLANG_WARN_CONSTANT_CONVERSION = YES;
				CLANG_WARN_DEPRECATED_OBJC_IMPLEMENTATIONS = YES;
				CLANG_WARN_DIRECT_OBJC_ISA_USAGE = YES_ERROR;
				CLANG_WARN_DOCUMENTATION_COMMENTS = YES;
				CLANG_WARN_EMPTY_BODY = YES;
				CLANG_WARN_ENUM_CONVERSION = YES;
				CLANG_WARN_INFINITE_RECURSION = YES;
				CLANG_WARN_INT_CONVERSION = YES;
				CLANG_WARN_NON_LITERAL_NULL_CONVERSION = YES;
				CLANG_WARN_OBJC_IMPLICIT_RETAIN_SELF = YES;
				CLANG_WARN_OBJC_LITERAL_CONVERSION = YES;
				CLANG_WARN_OBJC_ROOT_CLASS = YES_ERROR;
				CLANG_WARN_QUOTED_INCLUDE_IN_FRAMEWORK_HEADER = YES;
				CLANG_WARN_RANGE_LOOP_ANALYSIS = YES;
				CLANG_WARN_STRICT_PROTOTYPES = YES;
				CLANG_WARN_SUSPICIOUS_MOVE = YES;
				CLANG_WARN_UNGUARDED_AVAILABILITY = YES_AGGRESSIVE;
				CLANG_WARN_UNREACHABLE_CODE = YES;
				CLANG_WARN__DUPLICATE_METHOD_MATCH = YES;
				COPY_PHASE_STRIP = NO;
				DEBUG_INFORMATION_FORMAT = "dwarf-with-dsym";
				ENABLE_NS_ASSERTIONS = NO;
				ENABLE_STRICT_OBJC_MSGSEND = YES;
				GCC_C_LANGUAGE_STANDARD = gnu11;
				GCC_NO_COMMON_BLOCKS = YES;
				GCC_WARN_64_TO_32_BIT_CONVERSION = YES;
				GCC_WARN_ABOUT_RETURN_TYPE = YES_ERROR;
				GCC_WARN_UNDECLARED_SELECTOR = YES;
				GCC_WARN_UNINITIALIZED_AUTOS = YES_AGGRESSIVE;
				GCC_WARN_UNUSED_FUNCTION = YES;
				GCC_WARN_UNUSED_VARIABLE = YES;
				IPHONEOS_DEPLOYMENT_TARGET = 15.5;
				MTL_ENABLE_DEBUG_INFO = NO;
				MTL_FAST_MATH = YES;
				SDKROOT = iphoneos;
				SWIFT_COMPILATION_MODE = wholemodule;
				SWIFT_OPTIMIZATION_LEVEL = "-O";
				VALIDATE_PRODUCT = YES;
			};
			name = Release;
		};
		84A76A3E28CA7C7E00554A46 /* Debug */ = {
			isa = XCBuildConfiguration;
			buildSettings = {
				ASSETCATALOG_COMPILER_APPICON_NAME = AppIcon;
				ASSETCATALOG_COMPILER_GLOBAL_ACCENT_COLOR_NAME = AccentColor;
				CODE_SIGN_STYLE = Automatic;
				CURRENT_PROJECT_VERSION = 1;
				DEVELOPMENT_TEAM = 73EP676F69;
				GENERATE_INFOPLIST_FILE = YES;
				INFOPLIST_FILE = MovieListApp/Info.plist;
				INFOPLIST_KEY_UIApplicationSupportsIndirectInputEvents = YES;
				INFOPLIST_KEY_UILaunchStoryboardName = LaunchScreen;
				INFOPLIST_KEY_UIMainStoryboardFile = Main;
				INFOPLIST_KEY_UISupportedInterfaceOrientations_iPad = "UIInterfaceOrientationPortrait UIInterfaceOrientationPortraitUpsideDown UIInterfaceOrientationLandscapeLeft UIInterfaceOrientationLandscapeRight";
				INFOPLIST_KEY_UISupportedInterfaceOrientations_iPhone = "UIInterfaceOrientationPortrait UIInterfaceOrientationLandscapeLeft UIInterfaceOrientationLandscapeRight";
				LD_RUNPATH_SEARCH_PATHS = (
					"$(inherited)",
					"@executable_path/Frameworks",
				);
				MARKETING_VERSION = 1.0;
				PRODUCT_BUNDLE_IDENTIFIER = com.himel.MovieListApp;
				PRODUCT_NAME = "$(TARGET_NAME)";
				SWIFT_EMIT_LOC_STRINGS = YES;
				SWIFT_VERSION = 5.0;
				TARGETED_DEVICE_FAMILY = "1,2";
			};
			name = Debug;
		};
		84A76A3F28CA7C7E00554A46 /* Release */ = {
			isa = XCBuildConfiguration;
			buildSettings = {
				ASSETCATALOG_COMPILER_APPICON_NAME = AppIcon;
				ASSETCATALOG_COMPILER_GLOBAL_ACCENT_COLOR_NAME = AccentColor;
				CODE_SIGN_STYLE = Automatic;
				CURRENT_PROJECT_VERSION = 1;
				DEVELOPMENT_TEAM = 73EP676F69;
				GENERATE_INFOPLIST_FILE = YES;
				INFOPLIST_FILE = MovieListApp/Info.plist;
				INFOPLIST_KEY_UIApplicationSupportsIndirectInputEvents = YES;
				INFOPLIST_KEY_UILaunchStoryboardName = LaunchScreen;
				INFOPLIST_KEY_UIMainStoryboardFile = Main;
				INFOPLIST_KEY_UISupportedInterfaceOrientations_iPad = "UIInterfaceOrientationPortrait UIInterfaceOrientationPortraitUpsideDown UIInterfaceOrientationLandscapeLeft UIInterfaceOrientationLandscapeRight";
				INFOPLIST_KEY_UISupportedInterfaceOrientations_iPhone = "UIInterfaceOrientationPortrait UIInterfaceOrientationLandscapeLeft UIInterfaceOrientationLandscapeRight";
				LD_RUNPATH_SEARCH_PATHS = (
					"$(inherited)",
					"@executable_path/Frameworks",
				);
				MARKETING_VERSION = 1.0;
				PRODUCT_BUNDLE_IDENTIFIER = com.himel.MovieListApp;
				PRODUCT_NAME = "$(TARGET_NAME)";
				SWIFT_EMIT_LOC_STRINGS = YES;
				SWIFT_VERSION = 5.0;
				TARGETED_DEVICE_FAMILY = "1,2";
			};
			name = Release;
		};
/* End XCBuildConfiguration section */

/* Begin XCConfigurationList section */
		84A76A2428CA7C7C00554A46 /* Build configuration list for PBXProject "MovieListApp" */ = {
			isa = XCConfigurationList;
			buildConfigurations = (
				84A76A3B28CA7C7E00554A46 /* Debug */,
				84A76A3C28CA7C7E00554A46 /* Release */,
			);
			defaultConfigurationIsVisible = 0;
			defaultConfigurationName = Release;
		};
		84A76A3D28CA7C7E00554A46 /* Build configuration list for PBXNativeTarget "MovieListApp" */ = {
			isa = XCConfigurationList;
			buildConfigurations = (
				84A76A3E28CA7C7E00554A46 /* Debug */,
				84A76A3F28CA7C7E00554A46 /* Release */,
			);
			defaultConfigurationIsVisible = 0;
			defaultConfigurationName = Release;
		};
/* End XCConfigurationList section */
	};
	rootObject = 84A76A2128CA7C7C00554A46 /* Project object */;
}
